
Microsoft Visual Studio Solution File, Format Version 12.00
# Visual Studio Version 17
VisualStudioVersion = 17.4.33110.190
MinimumVisualStudioVersion = 10.0.40219.1
Project("{9A19103F-16F7-4668-BE54-9A1E7A4F7556}") = "Generator", "Generator\Generator.csproj", "{2F2BA84F-8774-45C0-988E-C8980378DB32}"
EndProject
Project("{9A19103F-16F7-4668-BE54-9A1E7A4F7556}") = "Test", "Test\Test.csproj", "{B2B13513-8FC4-4AAE-8965-3C5AAD9C9CAE}"
EndProject
Project("{9A19103F-16F7-4668-BE54-9A1E7A4F7556}") = "UnitTests", "UnitTests\UnitTests.csproj", "{5979B977-5E9C-4F88-ADC0-62313A6B278B}"
EndProject
Global
	GlobalSection(SolutionConfigurationPlatforms) = preSolution
		Debug|Any CPU = Debug|Any CPU
		Release|Any CPU = Release|Any CPU
	EndGlobalSection
	GlobalSection(ProjectConfigurationPlatforms) = postSolution
		{2F2BA84F-8774-45C0-988E-C8980378DB32}.Debug|Any CPU.ActiveCfg = Debug|Any CPU
		{2F2BA84F-8774-45C0-988E-C8980378DB32}.Debug|Any CPU.Build.0 = Debug|Any CPU
		{2F2BA84F-8774-45C0-988E-C8980378DB32}.Release|Any CPU.ActiveCfg = Release|Any CPU
		{2F2BA84F-8774-45C0-988E-C8980378DB32}.Release|Any CPU.Build.0 = Release|Any CPU
		{B2B13513-8FC4-4AAE-8965-3C5AAD9C9CAE}.Debug|Any CPU.ActiveCfg = Debug|Any CPU
		{B2B13513-8FC4-4AAE-8965-3C5AAD9C9CAE}.Debug|Any CPU.Build.0 = Debug|Any CPU
		{B2B13513-8FC4-4AAE-8965-3C5AAD9C9CAE}.Release|Any CPU.ActiveCfg = Release|Any CPU
		{B2B13513-8FC4-4AAE-8965-3C5AAD9C9CAE}.Release|Any CPU.Build.0 = Release|Any CPU
		{5979B977-5E9C-4F88-ADC0-62313A6B278B}.Debug|Any CPU.ActiveCfg = Debug|Any CPU
		{5979B977-5E9C-4F88-ADC0-62313A6B278B}.Debug|Any CPU.Build.0 = Debug|Any CPU
		{5979B977-5E9C-4F88-ADC0-62313A6B278B}.Release|Any CPU.ActiveCfg = Release|Any CPU
		{5979B977-5E9C-4F88-ADC0-62313A6B278B}.Release|Any CPU.Build.0 = Release|Any CPU
	EndGlobalSection
	GlobalSection(SolutionProperties) = preSolution
		HideSolutionNode = FALSE
	EndGlobalSection
	GlobalSection(ExtensibilityGlobals) = postSolution
		SolutionGuid = {24C187C1-C010-41D0-B752-CEC347E49EDA}
	EndGlobalSection
EndGlobal
